
Microsoft Visual Studio Solution File, Format Version 12.00
# Visual Studio Version 17
VisualStudioVersion = 17.6.33815.320
MinimumVisualStudioVersion = 10.0.40219.1
Project("{FAE04EC0-301F-11D3-BF4B-00C04F79EFBC}") = "TF.WIN", "TF- ERGONOMIA\TF.WIN.csproj", "{9ACA3651-2DA4-4098-92DD-68C60AD20365}"
EndProject
Project("{FAE04EC0-301F-11D3-BF4B-00C04F79EFBC}") = "TF.DAC", "TF- DATOS\TF.DAC.csproj", "{4781AD69-CC68-492D-9239-E4468A637ACB}"
EndProject
Project("{FAE04EC0-301F-11D3-BF4B-00C04F79EFBC}") = "TF.BC", "TF-NEGOCIO\TF.BC.csproj", "{88ABFD29-3459-4165-9D14-9B63064E0C7C}"
EndProject
Project("{FAE04EC0-301F-11D3-BF4B-00C04F79EFBC}") = "TF.ENTITIES", "TF-IDENTIDAD\TF.ENTITIES.csproj", "{CC39D109-C2D9-4EAF-874D-078E1D525D7D}"
EndProject
Project("{FAE04EC0-301F-11D3-BF4B-00C04F79EFBC}") = "TF.COMMON", "TF.COMMON\TF.COMMON.csproj", "{58FC01E5-724D-4EDA-B33F-88F6939B7128}"
EndProject
Global
	GlobalSection(SolutionConfigurationPlatforms) = preSolution
		Debug|Any CPU = Debug|Any CPU
		Release|Any CPU = Release|Any CPU
	EndGlobalSection
	GlobalSection(ProjectConfigurationPlatforms) = postSolution
		{9ACA3651-2DA4-4098-92DD-68C60AD20365}.Debug|Any CPU.ActiveCfg = Debug|Any CPU
		{9ACA3651-2DA4-4098-92DD-68C60AD20365}.Debug|Any CPU.Build.0 = Debug|Any CPU
		{9ACA3651-2DA4-4098-92DD-68C60AD20365}.Release|Any CPU.ActiveCfg = Release|Any CPU
		{9ACA3651-2DA4-4098-92DD-68C60AD20365}.Release|Any CPU.Build.0 = Release|Any CPU
		{4781AD69-CC68-492D-9239-E4468A637ACB}.Debug|Any CPU.ActiveCfg = Debug|Any CPU
		{4781AD69-CC68-492D-9239-E4468A637ACB}.Debug|Any CPU.Build.0 = Debug|Any CPU
		{4781AD69-CC68-492D-9239-E4468A637ACB}.Release|Any CPU.ActiveCfg = Release|Any CPU
		{4781AD69-CC68-492D-9239-E4468A637ACB}.Release|Any CPU.Build.0 = Release|Any CPU
		{88ABFD29-3459-4165-9D14-9B63064E0C7C}.Debug|Any CPU.ActiveCfg = Debug|Any CPU
		{88ABFD29-3459-4165-9D14-9B63064E0C7C}.Debug|Any CPU.Build.0 = Debug|Any CPU
		{88ABFD29-3459-4165-9D14-9B63064E0C7C}.Release|Any CPU.ActiveCfg = Release|Any CPU
		{88ABFD29-3459-4165-9D14-9B63064E0C7C}.Release|Any CPU.Build.0 = Release|Any CPU
		{CC39D109-C2D9-4EAF-874D-078E1D525D7D}.Debug|Any CPU.ActiveCfg = Debug|Any CPU
		{CC39D109-C2D9-4EAF-874D-078E1D525D7D}.Debug|Any CPU.Build.0 = Debug|Any CPU
		{CC39D109-C2D9-4EAF-874D-078E1D525D7D}.Release|Any CPU.ActiveCfg = Release|Any CPU
		{CC39D109-C2D9-4EAF-874D-078E1D525D7D}.Release|Any CPU.Build.0 = Release|Any CPU
		{58FC01E5-724D-4EDA-B33F-88F6939B7128}.Debug|Any CPU.ActiveCfg = Debug|Any CPU
		{58FC01E5-724D-4EDA-B33F-88F6939B7128}.Debug|Any CPU.Build.0 = Debug|Any CPU
		{58FC01E5-724D-4EDA-B33F-88F6939B7128}.Release|Any CPU.ActiveCfg = Release|Any CPU
		{58FC01E5-724D-4EDA-B33F-88F6939B7128}.Release|Any CPU.Build.0 = Release|Any CPU
	EndGlobalSection
	GlobalSection(SolutionProperties) = preSolution
		HideSolutionNode = FALSE
	EndGlobalSection
	GlobalSection(ExtensibilityGlobals) = postSolution
		SolutionGuid = {41969374-20B6-44D3-8C48-182AB4477821}
	EndGlobalSection
EndGlobal
